// !$*UTF8*$!
{
	archiveVersion = 1;
	classes = {
	};
	objectVersion = 46;
	objects = {

/* Begin PBXBuildFile section */
		113B64961B26C90700F0ADE7 /* AppDelegate.swift in Sources */ = {isa = PBXBuildFile; fileRef = 113B64951B26C90700F0ADE7 /* AppDelegate.swift */; };
		113B64981B26C90700F0ADE7 /* ViewController.swift in Sources */ = {isa = PBXBuildFile; fileRef = 113B64971B26C90700F0ADE7 /* ViewController.swift */; };
		113B649B1B26C90700F0ADE7 /* Main.storyboard in Resources */ = {isa = PBXBuildFile; fileRef = 113B64991B26C90700F0ADE7 /* Main.storyboard */; };
		113B649D1B26C90700F0ADE7 /* Images.xcassets in Resources */ = {isa = PBXBuildFile; fileRef = 113B649C1B26C90700F0ADE7 /* Images.xcassets */; };
		113B64A01B26C90700F0ADE7 /* LaunchScreen.xib in Resources */ = {isa = PBXBuildFile; fileRef = 113B649E1B26C90700F0ADE7 /* LaunchScreen.xib */; };
		113B64AC1B26C90700F0ADE7 /* SensChatTests.swift in Sources */ = {isa = PBXBuildFile; fileRef = 113B64AB1B26C90700F0ADE7 /* SensChatTests.swift */; };
/* End PBXBuildFile section */

/* Begin PBXContainerItemProxy section */
		113B64A61B26C90700F0ADE7 /* PBXContainerItemProxy */ = {
			isa = PBXContainerItemProxy;
			containerPortal = 113B64881B26C90700F0ADE7 /* Project object */;
			proxyType = 1;
			remoteGlobalIDString = 113B648F1B26C90700F0ADE7;
			remoteInfo = SensChat;
		};
/* End PBXContainerItemProxy section */

/* Begin PBXFileReference section */
		113B64901B26C90700F0ADE7 /* SensChat.app */ = {isa = PBXFileReference; explicitFileType = wrapper.application; includeInIndex = 0; path = SensChat.app; sourceTree = BUILT_PRODUCTS_DIR; };
		113B64941B26C90700F0ADE7 /* Info.plist */ = {isa = PBXFileReference; lastKnownFileType = text.plist.xml; path = Info.plist; sourceTree = "<group>"; };
		113B64951B26C90700F0ADE7 /* AppDelegate.swift */ = {isa = PBXFileReference; lastKnownFileType = sourcecode.swift; path = AppDelegate.swift; sourceTree = "<group>"; };
		113B64971B26C90700F0ADE7 /* ViewController.swift */ = {isa = PBXFileReference; lastKnownFileType = sourcecode.swift; path = ViewController.swift; sourceTree = "<group>"; };
		113B649A1B26C90700F0ADE7 /* Base */ = {isa = PBXFileReference; lastKnownFileType = file.storyboard; name = Base; path = Base.lproj/Main.storyboard; sourceTree = "<group>"; };
		113B649C1B26C90700F0ADE7 /* Images.xcassets */ = {isa = PBXFileReference; lastKnownFileType = folder.assetcatalog; path = Images.xcassets; sourceTree = "<group>"; };
		113B649F1B26C90700F0ADE7 /* Base */ = {isa = PBXFileReference; lastKnownFileType = file.xib; name = Base; path = Base.lproj/LaunchScreen.xib; sourceTree = "<group>"; };
		113B64A51B26C90700F0ADE7 /* SensChatTests.xctest */ = {isa = PBXFileReference; explicitFileType = wrapper.cfbundle; includeInIndex = 0; path = SensChatTests.xctest; sourceTree = BUILT_PRODUCTS_DIR; };
		113B64AA1B26C90700F0ADE7 /* Info.plist */ = {isa = PBXFileReference; lastKnownFileType = text.plist.xml; path = Info.plist; sourceTree = "<group>"; };
		113B64AB1B26C90700F0ADE7 /* SensChatTests.swift */ = {isa = PBXFileReference; lastKnownFileType = sourcecode.swift; path = SensChatTests.swift; sourceTree = "<group>"; };
/* End PBXFileReference section */

/* Begin PBXFrameworksBuildPhase section */
		113B648D1B26C90700F0ADE7 /* Frameworks */ = {
			isa = PBXFrameworksBuildPhase;
			buildActionMask = 2147483647;
			files = (
			);
			runOnlyForDeploymentPostprocessing = 0;
		};
		113B64A21B26C90700F0ADE7 /* Frameworks */ = {
			isa = PBXFrameworksBuildPhase;
			buildActionMask = 2147483647;
			files = (
			);
			runOnlyForDeploymentPostprocessing = 0;
		};
/* End PBXFrameworksBuildPhase section */

/* Begin PBXGroup section */
		113B64871B26C90700F0ADE7 = {
			isa = PBXGroup;
			children = (
				113B64921B26C90700F0ADE7 /* SensChat */,
				113B64A81B26C90700F0ADE7 /* SensChatTests */,
				113B64911B26C90700F0ADE7 /* Products */,
			);
			sourceTree = "<group>";
		};
		113B64911B26C90700F0ADE7 /* Products */ = {
			isa = PBXGroup;
			children = (
				113B64901B26C90700F0ADE7 /* SensChat.app */,
				113B64A51B26C90700F0ADE7 /* SensChatTests.xctest */,
			);
			name = Products;
			sourceTree = "<group>";
		};
		113B64921B26C90700F0ADE7 /* SensChat */ = {
			isa = PBXGroup;
			children = (
				113B64951B26C90700F0ADE7 /* AppDelegate.swift */,
				113B64971B26C90700F0ADE7 /* ViewController.swift */,
				113B64991B26C90700F0ADE7 /* Main.storyboard */,
				113B649C1B26C90700F0ADE7 /* Images.xcassets */,
				113B649E1B26C90700F0ADE7 /* LaunchScreen.xib */,
				113B64931B26C90700F0ADE7 /* Supporting Files */,
			);
			path = SensChat;
			sourceTree = "<group>";
		};
		113B64931B26C90700F0ADE7 /* Supporting Files */ = {
			isa = PBXGroup;
			children = (
				113B64941B26C90700F0ADE7 /* Info.plist */,
			);
			name = "Supporting Files";
			sourceTree = "<group>";
		};
		113B64A81B26C90700F0ADE7 /* SensChatTests */ = {
			isa = PBXGroup;
			children = (
				113B64AB1B26C90700F0ADE7 /* SensChatTests.swift */,
				113B64A91B26C90700F0ADE7 /* Supporting Files */,
			);
			path = SensChatTests;
			sourceTree = "<group>";
		};
		113B64A91B26C90700F0ADE7 /* Supporting Files */ = {
			isa = PBXGroup;
			children = (
				113B64AA1B26C90700F0ADE7 /* Info.plist */,
			);
			name = "Supporting Files";
			sourceTree = "<group>";
		};
/* End PBXGroup section */

/* Begin PBXNativeTarget section */
		113B648F1B26C90700F0ADE7 /* SensChat */ = {
			isa = PBXNativeTarget;
			buildConfigurationList = 113B64AF1B26C90700F0ADE7 /* Build configuration list for PBXNativeTarget "SensChat" */;
			buildPhases = (
				113B648C1B26C90700F0ADE7 /* Sources */,
				113B648D1B26C90700F0ADE7 /* Frameworks */,
				113B648E1B26C90700F0ADE7 /* Resources */,
			);
			buildRules = (
			);
			dependencies = (
			);
			name = SensChat;
			productName = SensChat;
			productReference = 113B64901B26C90700F0ADE7 /* SensChat.app */;
			productType = "com.apple.product-type.application";
		};
		113B64A41B26C90700F0ADE7 /* SensChatTests */ = {
			isa = PBXNativeTarget;
			buildConfigurationList = 113B64B21B26C90700F0ADE7 /* Build configuration list for PBXNativeTarget "SensChatTests" */;
			buildPhases = (
				113B64A11B26C90700F0ADE7 /* Sources */,
				113B64A21B26C90700F0ADE7 /* Frameworks */,
				113B64A31B26C90700F0ADE7 /* Resources */,
			);
			buildRules = (
			);
			dependencies = (
				113B64A71B26C90700F0ADE7 /* PBXTargetDependency */,
			);
			name = SensChatTests;
			productName = SensChatTests;
			productReference = 113B64A51B26C90700F0ADE7 /* SensChatTests.xctest */;
			productType = "com.apple.product-type.bundle.unit-test";
		};
/* End PBXNativeTarget section */

/* Begin PBXProject section */
		113B64881B26C90700F0ADE7 /* Project object */ = {
			isa = PBXProject;
			attributes = {
				LastUpgradeCheck = 0630;
				ORGANIZATIONNAME = "Enkhjargal Gansukh";
				TargetAttributes = {
					113B648F1B26C90700F0ADE7 = {
						CreatedOnToolsVersion = 6.3.1;
					};
					113B64A41B26C90700F0ADE7 = {
						CreatedOnToolsVersion = 6.3.1;
						TestTargetID = 113B648F1B26C90700F0ADE7;
					};
				};
			};
			buildConfigurationList = 113B648B1B26C90700F0ADE7 /* Build configuration list for PBXProject "SensChat" */;
			compatibilityVersion = "Xcode 3.2";
			developmentRegion = English;
			hasScannedForEncodings = 0;
			knownRegions = (
				en,
				Base,
			);
			mainGroup = 113B64871B26C90700F0ADE7;
			productRefGroup = 113B64911B26C90700F0ADE7 /* Products */;
			projectDirPath = "";
			projectRoot = "";
			targets = (
				113B648F1B26C90700F0ADE7 /* SensChat */,
				113B64A41B26C90700F0ADE7 /* SensChatTests */,
			);
		};
/* End PBXProject section */

/* Begin PBXResourcesBuildPhase section */
		113B648E1B26C90700F0ADE7 /* Resources */ = {
			isa = PBXResourcesBuildPhase;
			buildActionMask = 2147483647;
			files = (
				113B649B1B26C90700F0ADE7 /* Main.storyboard in Resources */,
				113B64A01B26C90700F0ADE7 /* LaunchScreen.xib in Resources */,
				113B649D1B26C90700F0ADE7 /* Images.xcassets in Resources */,
			);
			runOnlyForDeploymentPostprocessing = 0;
		};
		113B64A31B26C90700F0ADE7 /* Resources */ = {
			isa = PBXResourcesBuildPhase;
			buildActionMask = 2147483647;
			files = (
			);
			runOnlyForDeploymentPostprocessing = 0;
		};
/* End PBXResourcesBuildPhase section */

/* Begin PBXSourcesBuildPhase section */
		113B648C1B26C90700F0ADE7 /* Sources */ = {
			isa = PBXSourcesBuildPhase;
			buildActionMask = 2147483647;
			files = (
				113B64981B26C90700F0ADE7 /* ViewController.swift in Sources */,
				113B64961B26C90700F0ADE7 /* AppDelegate.swift in Sources */,
			);
			runOnlyForDeploymentPostprocessing = 0;
		};
		113B64A11B26C90700F0ADE7 /* Sources */ = {
			isa = PBXSourcesBuildPhase;
			buildActionMask = 2147483647;
			files = (
				113B64AC1B26C90700F0ADE7 /* SensChatTests.swift in Sources */,
			);
			runOnlyForDeploymentPostprocessing = 0;
		};
/* End PBXSourcesBuildPhase section */

/* Begin PBXTargetDependency section */
		113B64A71B26C90700F0ADE7 /* PBXTargetDependency */ = {
			isa = PBXTargetDependency;
			target = 113B648F1B26C90700F0ADE7 /* SensChat */;
			targetProxy = 113B64A61B26C90700F0ADE7 /* PBXContainerItemProxy */;
		};
/* End PBXTargetDependency section */

/* Begin PBXVariantGroup section */
		113B64991B26C90700F0ADE7 /* Main.storyboard */ = {
			isa = PBXVariantGroup;
			children = (
				113B649A1B26C90700F0ADE7 /* Base */,
			);
			name = Main.storyboard;
			sourceTree = "<group>";
		};
		113B649E1B26C90700F0ADE7 /* LaunchScreen.xib */ = {
			isa = PBXVariantGroup;
			children = (
				113B649F1B26C90700F0ADE7 /* Base */,
			);
			name = LaunchScreen.xib;
			sourceTree = "<group>";
		};
/* End PBXVariantGroup section */

/* Begin XCBuildConfiguration section */
		113B64AD1B26C90700F0ADE7 /* Debug */ = {
			isa = XCBuildConfiguration;
			buildSettings = {
				ALWAYS_SEARCH_USER_PATHS = NO;
				CLANG_CXX_LANGUAGE_STANDARD = "gnu++0x";
				CLANG_CXX_LIBRARY = "libc++";
				CLANG_ENABLE_MODULES = YES;
				CLANG_ENABLE_OBJC_ARC = YES;
				CLANG_WARN_BOOL_CONVERSION = YES;
				CLANG_WARN_CONSTANT_CONVERSION = YES;
				CLANG_WARN_DIRECT_OBJC_ISA_USAGE = YES_ERROR;
				CLANG_WARN_EMPTY_BODY = YES;
				CLANG_WARN_ENUM_CONVERSION = YES;
				CLANG_WARN_INT_CONVERSION = YES;
				CLANG_WARN_OBJC_ROOT_CLASS = YES_ERROR;
				CLANG_WARN_UNREACHABLE_CODE = YES;
				CLANG_WARN__DUPLICATE_METHOD_MATCH = YES;
				"CODE_SIGN_IDENTITY[sdk=iphoneos*]" = "iPhone Developer";
				COPY_PHASE_STRIP = NO;
				DEBUG_INFORMATION_FORMAT = "dwarf-with-dsym";
				ENABLE_STRICT_OBJC_MSGSEND = YES;
				GCC_C_LANGUAGE_STANDARD = gnu99;
				GCC_DYNAMIC_NO_PIC = NO;
				GCC_NO_COMMON_BLOCKS = YES;
				GCC_OPTIMIZATION_LEVEL = 0;
				GCC_PREPROCESSOR_DEFINITIONS = (
					"DEBUG=1",
					"$(inherited)",
				);
				GCC_SYMBOLS_PRIVATE_EXTERN = NO;
				GCC_WARN_64_TO_32_BIT_CONVERSION = YES;
				GCC_WARN_ABOUT_RETURN_TYPE = YES_ERROR;
				GCC_WARN_UNDECLARED_SELECTOR = YES;
				GCC_WARN_UNINITIALIZED_AUTOS = YES_AGGRESSIVE;
				GCC_WARN_UNUSED_FUNCTION = YES;
				GCC_WARN_UNUSED_VARIABLE = YES;
				IPHONEOS_DEPLOYMENT_TARGET = 8.3;
				MTL_ENABLE_DEBUG_INFO = YES;
				ONLY_ACTIVE_ARCH = YES;
				SDKROOT = iphoneos;
				SWIFT_OPTIMIZATION_LEVEL = "-Onone";
			};
			name = Debug;
		};
		113B64AE1B26C90700F0ADE7 /* Release */ = {
			isa = XCBuildConfiguration;
			buildSettings = {
				ALWAYS_SEARCH_USER_PATHS = NO;
				CLANG_CXX_LANGUAGE_STANDARD = "gnu++0x";
				CLANG_CXX_LIBRARY = "libc++";
				CLANG_ENABLE_MODULES = YES;
				CLANG_ENABLE_OBJC_ARC = YES;
				CLANG_WARN_BOOL_CONVERSION = YES;
				CLANG_WARN_CONSTANT_CONVERSION = YES;
				CLANG_WARN_DIRECT_OBJC_ISA_USAGE = YES_ERROR;
				CLANG_WARN_EMPTY_BODY = YES;
				CLANG_WARN_ENUM_CONVERSION = YES;
				CLANG_WARN_INT_CONVERSION = YES;
				CLANG_WARN_OBJC_ROOT_CLASS = YES_ERROR;
				CLANG_WARN_UNREACHABLE_CODE = YES;
				CLANG_WARN__DUPLICATE_METHOD_MATCH = YES;
				"CODE_SIGN_IDENTITY[sdk=iphoneos*]" = "iPhone Developer";
				COPY_PHASE_STRIP = NO;
				DEBUG_INFORMATION_FORMAT = "dwarf-with-dsym";
				ENABLE_NS_ASSERTIONS = NO;
				ENABLE_STRICT_OBJC_MSGSEND = YES;
				GCC_C_LANGUAGE_STANDARD = gnu99;
				GCC_NO_COMMON_BLOCKS = YES;
				GCC_WARN_64_TO_32_BIT_CONVERSION = YES;
				GCC_WARN_ABOUT_RETURN_TYPE = YES_ERROR;
				GCC_WARN_UNDECLARED_SELECTOR = YES;
				GCC_WARN_UNINITIALIZED_AUTOS = YES_AGGRESSIVE;
				GCC_WARN_UNUSED_FUNCTION = YES;
				GCC_WARN_UNUSED_VARIABLE = YES;
				IPHONEOS_DEPLOYMENT_TARGET = 8.3;
				MTL_ENABLE_DEBUG_INFO = NO;
				SDKROOT = iphoneos;
				VALIDATE_PRODUCT = YES;
			};
			name = Release;
		};
		113B64B01B26C90700F0ADE7 /* Debug */ = {
			isa = XCBuildConfiguration;
			buildSettings = {
				ASSETCATALOG_COMPILER_APPICON_NAME = AppIcon;
				INFOPLIST_FILE = SensChat/Info.plist;
				LD_RUNPATH_SEARCH_PATHS = "$(inherited) @executable_path/Frameworks";
				PRODUCT_NAME = "$(TARGET_NAME)";
			};
			name = Debug;
		};
		113B64B11B26C90700F0ADE7 /* Release */ = {
			isa = XCBuildConfiguration;
			buildSettings = {
				ASSETCATALOG_COMPILER_APPICON_NAME = AppIcon;
				INFOPLIST_FILE = SensChat/Info.plist;
				LD_RUNPATH_SEARCH_PATHS = "$(inherited) @executable_path/Frameworks";
				PRODUCT_NAME = "$(TARGET_NAME)";
			};
			name = Release;
		};
		113B64B31B26C90700F0ADE7 /* Debug */ = {
			isa = XCBuildConfiguration;
			buildSettings = {
				BUNDLE_LOADER = "$(TEST_HOST)";
				FRAMEWORK_SEARCH_PATHS = (
					"$(SDKROOT)/Developer/Library/Frameworks",
					"$(inherited)",
				);
				GCC_PREPROCESSOR_DEFINITIONS = (
					"DEBUG=1",
					"$(inherited)",
				);
				INFOPLIST_FILE = SensChatTests/Info.plist;
				LD_RUNPATH_SEARCH_PATHS = "$(inherited) @executable_path/Frameworks @loader_path/Frameworks";
				PRODUCT_NAME = "$(TARGET_NAME)";
				TEST_HOST = "$(BUILT_PRODUCTS_DIR)/SensChat.app/SensChat";
			};
			name = Debug;
		};
		113B64B41B26C90700F0ADE7 /* Release */ = {
			isa = XCBuildConfiguration;
			buildSettings = {
				BUNDLE_LOADER = "$(TEST_HOST)";
				FRAMEWORK_SEARCH_PATHS = (
					"$(SDKROOT)/Developer/Library/Frameworks",
					"$(inherited)",
				);
				INFOPLIST_FILE = SensChatTests/Info.plist;
				LD_RUNPATH_SEARCH_PATHS = "$(inherited) @executable_path/Frameworks @loader_path/Frameworks";
				PRODUCT_NAME = "$(TARGET_NAME)";
				TEST_HOST = "$(BUILT_PRODUCTS_DIR)/SensChat.app/SensChat";
			};
			name = Release;
		};
/* End XCBuildConfiguration section */

/* Begin XCConfigurationList section */
		113B648B1B26C90700F0ADE7 /* Build configuration list for PBXProject "SensChat" */ = {
			isa = XCConfigurationList;
			buildConfigurations = (
				113B64AD1B26C90700F0ADE7 /* Debug */,
				113B64AE1B26C90700F0ADE7 /* Release */,
			);
			defaultConfigurationIsVisible = 0;
			defaultConfigurationName = Release;
		};
		113B64AF1B26C90700F0ADE7 /* Build configuration list for PBXNativeTarget "SensChat" */ = {
			isa = XCConfigurationList;
			buildConfigurations = (
				113B64B01B26C90700F0ADE7 /* Debug */,
				113B64B11B26C90700F0ADE7 /* Release */,
			);
			defaultConfigurationIsVisible = 0;
		};
		113B64B21B26C90700F0ADE7 /* Build configuration list for PBXNativeTarget "SensChatTests" */ = {
			isa = XCConfigurationList;
			buildConfigurations = (
				113B64B31B26C90700F0ADE7 /* Debug */,
				113B64B41B26C90700F0ADE7 /* Release */,
			);
			defaultConfigurationIsVisible = 0;
		};
/* End XCConfigurationList section */
	};
	rootObject = 113B64881B26C90700F0ADE7 /* Project object */;
}
